// !$*UTF8*$!
{
	archiveVersion = 1;
	classes = {
	};
	objectVersion = 55;
	objects = {

/* Begin PBXBuildFile section */
		3D07A9812893C1D1000831C7 /* RxCocoa in Frameworks */ = {isa = PBXBuildFile; productRef = 3D07A9802893C1D1000831C7 /* RxCocoa */; };
		3D07A9832893C1D1000831C7 /* RxRelay in Frameworks */ = {isa = PBXBuildFile; productRef = 3D07A9822893C1D1000831C7 /* RxRelay */; };
		3D07A9852893C1D1000831C7 /* RxSwift in Frameworks */ = {isa = PBXBuildFile; productRef = 3D07A9842893C1D1000831C7 /* RxSwift */; };
		3D07A98B2893C266000831C7 /* Alamofire in Frameworks */ = {isa = PBXBuildFile; productRef = 3D07A98A2893C266000831C7 /* Alamofire */; };
		3D2EDB9D2893BC3E002E6DCA /* AppDelegate.swift in Sources */ = {isa = PBXBuildFile; fileRef = 3D2EDB9C2893BC3E002E6DCA /* AppDelegate.swift */; };
		3D2EDBA62893BC3E002E6DCA /* Assets.xcassets in Resources */ = {isa = PBXBuildFile; fileRef = 3D2EDBA52893BC3E002E6DCA /* Assets.xcassets */; };
		3D2EDBA92893BC3E002E6DCA /* LaunchScreen.storyboard in Resources */ = {isa = PBXBuildFile; fileRef = 3D2EDBA72893BC3E002E6DCA /* LaunchScreen.storyboard */; };
		3D6D0C722893C32D009BF5FC /* SnapKit in Frameworks */ = {isa = PBXBuildFile; productRef = 3D6D0C712893C32D009BF5FC /* SnapKit */; };
		3D6D0C762893C5A2009BF5FC /* AppCoordinator.swift in Sources */ = {isa = PBXBuildFile; fileRef = 3D6D0C752893C5A2009BF5FC /* AppCoordinator.swift */; };
		3D6D0C7E2893C6C1009BF5FC /* SignInViewController.swift in Sources */ = {isa = PBXBuildFile; fileRef = 3D6D0C7D2893C6C1009BF5FC /* SignInViewController.swift */; };
		3D6D0C802893C706009BF5FC /* SignInViewModel.swift in Sources */ = {isa = PBXBuildFile; fileRef = 3D6D0C7F2893C706009BF5FC /* SignInViewModel.swift */; };
		3D6D0C822893C728009BF5FC /* SignInModel.swift in Sources */ = {isa = PBXBuildFile; fileRef = 3D6D0C812893C728009BF5FC /* SignInModel.swift */; };
		3D6D0C842893C95E009BF5FC /* BaseCoordinator.swift in Sources */ = {isa = PBXBuildFile; fileRef = 3D6D0C832893C95E009BF5FC /* BaseCoordinator.swift */; };
		3D6D0C862893CA05009BF5FC /* SignInCoordinator.swift in Sources */ = {isa = PBXBuildFile; fileRef = 3D6D0C852893CA05009BF5FC /* SignInCoordinator.swift */; };
		3DF553292893DC0000F5D470 /* TabBarCoordinator.swift in Sources */ = {isa = PBXBuildFile; fileRef = 3DF553282893DC0000F5D470 /* TabBarCoordinator.swift */; };
		3DF5532C2893E06E00F5D470 /* RepositoriesViewContoroller.swift in Sources */ = {isa = PBXBuildFile; fileRef = 3DF5532B2893E06E00F5D470 /* RepositoriesViewContoroller.swift */; };
		3DF5532E2893E07700F5D470 /* RepositoriesViewModel.swift in Sources */ = {isa = PBXBuildFile; fileRef = 3DF5532D2893E07700F5D470 /* RepositoriesViewModel.swift */; };
		3DF553302893E07D00F5D470 /* RepositoriesModel.swift in Sources */ = {isa = PBXBuildFile; fileRef = 3DF5532F2893E07D00F5D470 /* RepositoriesModel.swift */; };
		3DF553322893E08600F5D470 /* RepositoriesCoordinator.swift in Sources */ = {isa = PBXBuildFile; fileRef = 3DF553312893E08600F5D470 /* RepositoriesCoordinator.swift */; };
		3DF553352893E0A200F5D470 /* HistoryViewController.swift in Sources */ = {isa = PBXBuildFile; fileRef = 3DF553342893E0A200F5D470 /* HistoryViewController.swift */; };
		3DF553372893E0A900F5D470 /* HistoryViewModel.swift in Sources */ = {isa = PBXBuildFile; fileRef = 3DF553362893E0A900F5D470 /* HistoryViewModel.swift */; };
		3DF553392893E0B000F5D470 /* HistoryModel.swift in Sources */ = {isa = PBXBuildFile; fileRef = 3DF553382893E0B000F5D470 /* HistoryModel.swift */; };
		3DF5533B2893E0BA00F5D470 /* HistoryCoordinator.swift in Sources */ = {isa = PBXBuildFile; fileRef = 3DF5533A2893E0BA00F5D470 /* HistoryCoordinator.swift */; };
		3DF5533D289413BF00F5D470 /* NetworkManager.swift in Sources */ = {isa = PBXBuildFile; fileRef = 3DF5533C289413BF00F5D470 /* NetworkManager.swift */; };
		3DF5533F2894156C00F5D470 /* NetworkRequestService.swift in Sources */ = {isa = PBXBuildFile; fileRef = 3DF5533E2894156C00F5D470 /* NetworkRequestService.swift */; };
/* End PBXBuildFile section */

/* Begin PBXFileReference section */
		3D2EDB992893BC3E002E6DCA /* SearchRepo.app */ = {isa = PBXFileReference; explicitFileType = wrapper.application; includeInIndex = 0; path = SearchRepo.app; sourceTree = BUILT_PRODUCTS_DIR; };
		3D2EDB9C2893BC3E002E6DCA /* AppDelegate.swift */ = {isa = PBXFileReference; lastKnownFileType = sourcecode.swift; path = AppDelegate.swift; sourceTree = "<group>"; };
		3D2EDBA52893BC3E002E6DCA /* Assets.xcassets */ = {isa = PBXFileReference; lastKnownFileType = folder.assetcatalog; path = Assets.xcassets; sourceTree = "<group>"; };
		3D2EDBA82893BC3E002E6DCA /* Base */ = {isa = PBXFileReference; lastKnownFileType = file.storyboard; name = Base; path = Base.lproj/LaunchScreen.storyboard; sourceTree = "<group>"; };
		3D2EDBAA2893BC3E002E6DCA /* Info.plist */ = {isa = PBXFileReference; lastKnownFileType = text.plist.xml; path = Info.plist; sourceTree = "<group>"; };
		3D6D0C752893C5A2009BF5FC /* AppCoordinator.swift */ = {isa = PBXFileReference; lastKnownFileType = sourcecode.swift; path = AppCoordinator.swift; sourceTree = "<group>"; };
		3D6D0C7D2893C6C1009BF5FC /* SignInViewController.swift */ = {isa = PBXFileReference; lastKnownFileType = sourcecode.swift; path = SignInViewController.swift; sourceTree = "<group>"; };
		3D6D0C7F2893C706009BF5FC /* SignInViewModel.swift */ = {isa = PBXFileReference; lastKnownFileType = sourcecode.swift; path = SignInViewModel.swift; sourceTree = "<group>"; };
		3D6D0C812893C728009BF5FC /* SignInModel.swift */ = {isa = PBXFileReference; lastKnownFileType = sourcecode.swift; path = SignInModel.swift; sourceTree = "<group>"; };
		3D6D0C832893C95E009BF5FC /* BaseCoordinator.swift */ = {isa = PBXFileReference; lastKnownFileType = sourcecode.swift; path = BaseCoordinator.swift; sourceTree = "<group>"; };
		3D6D0C852893CA05009BF5FC /* SignInCoordinator.swift */ = {isa = PBXFileReference; lastKnownFileType = sourcecode.swift; path = SignInCoordinator.swift; sourceTree = "<group>"; };
		3DF553282893DC0000F5D470 /* TabBarCoordinator.swift */ = {isa = PBXFileReference; lastKnownFileType = sourcecode.swift; path = TabBarCoordinator.swift; sourceTree = "<group>"; };
		3DF5532B2893E06E00F5D470 /* RepositoriesViewContoroller.swift */ = {isa = PBXFileReference; lastKnownFileType = sourcecode.swift; path = RepositoriesViewContoroller.swift; sourceTree = "<group>"; };
		3DF5532D2893E07700F5D470 /* RepositoriesViewModel.swift */ = {isa = PBXFileReference; lastKnownFileType = sourcecode.swift; path = RepositoriesViewModel.swift; sourceTree = "<group>"; };
		3DF5532F2893E07D00F5D470 /* RepositoriesModel.swift */ = {isa = PBXFileReference; lastKnownFileType = sourcecode.swift; path = RepositoriesModel.swift; sourceTree = "<group>"; };
		3DF553312893E08600F5D470 /* RepositoriesCoordinator.swift */ = {isa = PBXFileReference; lastKnownFileType = sourcecode.swift; path = RepositoriesCoordinator.swift; sourceTree = "<group>"; };
		3DF553342893E0A200F5D470 /* HistoryViewController.swift */ = {isa = PBXFileReference; lastKnownFileType = sourcecode.swift; path = HistoryViewController.swift; sourceTree = "<group>"; };
		3DF553362893E0A900F5D470 /* HistoryViewModel.swift */ = {isa = PBXFileReference; lastKnownFileType = sourcecode.swift; path = HistoryViewModel.swift; sourceTree = "<group>"; };
		3DF553382893E0B000F5D470 /* HistoryModel.swift */ = {isa = PBXFileReference; lastKnownFileType = sourcecode.swift; path = HistoryModel.swift; sourceTree = "<group>"; };
		3DF5533A2893E0BA00F5D470 /* HistoryCoordinator.swift */ = {isa = PBXFileReference; lastKnownFileType = sourcecode.swift; path = HistoryCoordinator.swift; sourceTree = "<group>"; };
		3DF5533C289413BF00F5D470 /* NetworkManager.swift */ = {isa = PBXFileReference; lastKnownFileType = sourcecode.swift; path = NetworkManager.swift; sourceTree = "<group>"; };
		3DF5533E2894156C00F5D470 /* NetworkRequestService.swift */ = {isa = PBXFileReference; lastKnownFileType = sourcecode.swift; path = NetworkRequestService.swift; sourceTree = "<group>"; };
/* End PBXFileReference section */

/* Begin PBXFrameworksBuildPhase section */
		3D2EDB962893BC3E002E6DCA /* Frameworks */ = {
			isa = PBXFrameworksBuildPhase;
			buildActionMask = 2147483647;
			files = (
				3D07A98B2893C266000831C7 /* Alamofire in Frameworks */,
				3D07A9852893C1D1000831C7 /* RxSwift in Frameworks */,
				3D07A9832893C1D1000831C7 /* RxRelay in Frameworks */,
				3D07A9812893C1D1000831C7 /* RxCocoa in Frameworks */,
				3D6D0C722893C32D009BF5FC /* SnapKit in Frameworks */,
			);
			runOnlyForDeploymentPostprocessing = 0;
		};
/* End PBXFrameworksBuildPhase section */

/* Begin PBXGroup section */
		3D2EDB902893BC3E002E6DCA = {
			isa = PBXGroup;
			children = (
				3D2EDB9B2893BC3E002E6DCA /* SearchRepo */,
				3D2EDB9A2893BC3E002E6DCA /* Products */,
			);
			sourceTree = "<group>";
		};
		3D2EDB9A2893BC3E002E6DCA /* Products */ = {
			isa = PBXGroup;
			children = (
				3D2EDB992893BC3E002E6DCA /* SearchRepo.app */,
			);
			name = Products;
			sourceTree = "<group>";
		};
		3D2EDB9B2893BC3E002E6DCA /* SearchRepo */ = {
			isa = PBXGroup;
			children = (
				3D6D0C742893C574009BF5FC /* Source */,
				3D6D0C732893C566009BF5FC /* Resources */,
			);
			path = SearchRepo;
			sourceTree = "<group>";
		};
		3D6D0C732893C566009BF5FC /* Resources */ = {
			isa = PBXGroup;
			children = (
				3D2EDBA52893BC3E002E6DCA /* Assets.xcassets */,
				3D2EDBA72893BC3E002E6DCA /* LaunchScreen.storyboard */,
				3D2EDBAA2893BC3E002E6DCA /* Info.plist */,
			);
			path = Resources;
			sourceTree = "<group>";
		};
		3D6D0C742893C574009BF5FC /* Source */ = {
			isa = PBXGroup;
			children = (
				3D2EDB9C2893BC3E002E6DCA /* AppDelegate.swift */,
				3D6D0C752893C5A2009BF5FC /* AppCoordinator.swift */,
				3D6D0C832893C95E009BF5FC /* BaseCoordinator.swift */,
				3D6D0C772893C651009BF5FC /* Flows */,
				3D6D0C792893C67D009BF5FC /* Services */,
				3D6D0C7C2893C6A1009BF5FC /* Extensions */,
				3D6D0C7B2893C692009BF5FC /* Protocols */,
				3D6D0C7A2893C689009BF5FC /* DTO */,
			);
			path = Source;
			sourceTree = "<group>";
		};
		3D6D0C772893C651009BF5FC /* Flows */ = {
			isa = PBXGroup;
			children = (
				3DF553212893DBC200F5D470 /* TabBarCoordinator */,
				3DF553332893E09100F5D470 /* History */,
				3DF5532A2893E04800F5D470 /* Repositories */,
				3D6D0C782893C65C009BF5FC /* SignIn */,
			);
			path = Flows;
			sourceTree = "<group>";
		};
		3D6D0C782893C65C009BF5FC /* SignIn */ = {
			isa = PBXGroup;
			children = (
				3D6D0C7D2893C6C1009BF5FC /* SignInViewController.swift */,
				3D6D0C7F2893C706009BF5FC /* SignInViewModel.swift */,
				3D6D0C812893C728009BF5FC /* SignInModel.swift */,
				3D6D0C852893CA05009BF5FC /* SignInCoordinator.swift */,
			);
			path = SignIn;
			sourceTree = "<group>";
		};
		3D6D0C792893C67D009BF5FC /* Services */ = {
			isa = PBXGroup;
			children = (
				3DF5533C289413BF00F5D470 /* NetworkManager.swift */,
				3DF5533E2894156C00F5D470 /* NetworkRequestService.swift */,
			);
			path = Services;
			sourceTree = "<group>";
		};
		3D6D0C7A2893C689009BF5FC /* DTO */ = {
			isa = PBXGroup;
			children = (
			);
			path = DTO;
			sourceTree = "<group>";
		};
		3D6D0C7B2893C692009BF5FC /* Protocols */ = {
			isa = PBXGroup;
			children = (
			);
			path = Protocols;
			sourceTree = "<group>";
		};
		3D6D0C7C2893C6A1009BF5FC /* Extensions */ = {
			isa = PBXGroup;
			children = (
			);
			path = Extensions;
			sourceTree = "<group>";
		};
		3DF553212893DBC200F5D470 /* TabBarCoordinator */ = {
			isa = PBXGroup;
			children = (
				3DF553282893DC0000F5D470 /* TabBarCoordinator.swift */,
			);
			path = TabBarCoordinator;
			sourceTree = "<group>";
		};
		3DF5532A2893E04800F5D470 /* Repositories */ = {
			isa = PBXGroup;
			children = (
				3DF5532B2893E06E00F5D470 /* RepositoriesViewContoroller.swift */,
				3DF5532D2893E07700F5D470 /* RepositoriesViewModel.swift */,
				3DF5532F2893E07D00F5D470 /* RepositoriesModel.swift */,
				3DF553312893E08600F5D470 /* RepositoriesCoordinator.swift */,
			);
			path = Repositories;
			sourceTree = "<group>";
		};
		3DF553332893E09100F5D470 /* History */ = {
			isa = PBXGroup;
			children = (
				3DF553342893E0A200F5D470 /* HistoryViewController.swift */,
				3DF553362893E0A900F5D470 /* HistoryViewModel.swift */,
				3DF553382893E0B000F5D470 /* HistoryModel.swift */,
				3DF5533A2893E0BA00F5D470 /* HistoryCoordinator.swift */,
			);
			path = History;
			sourceTree = "<group>";
		};
/* End PBXGroup section */

/* Begin PBXNativeTarget section */
		3D2EDB982893BC3E002E6DCA /* SearchRepo */ = {
			isa = PBXNativeTarget;
			buildConfigurationList = 3D2EDBAD2893BC3E002E6DCA /* Build configuration list for PBXNativeTarget "SearchRepo" */;
			buildPhases = (
				3D2EDB952893BC3E002E6DCA /* Sources */,
				3D2EDB962893BC3E002E6DCA /* Frameworks */,
				3D2EDB972893BC3E002E6DCA /* Resources */,
			);
			buildRules = (
			);
			dependencies = (
			);
			name = SearchRepo;
			packageProductDependencies = (
				3D07A9802893C1D1000831C7 /* RxCocoa */,
				3D07A9822893C1D1000831C7 /* RxRelay */,
				3D07A9842893C1D1000831C7 /* RxSwift */,
				3D07A98A2893C266000831C7 /* Alamofire */,
				3D6D0C712893C32D009BF5FC /* SnapKit */,
			);
			productName = SearchRepo;
			productReference = 3D2EDB992893BC3E002E6DCA /* SearchRepo.app */;
			productType = "com.apple.product-type.application";
		};
/* End PBXNativeTarget section */

/* Begin PBXProject section */
		3D2EDB912893BC3E002E6DCA /* Project object */ = {
			isa = PBXProject;
			attributes = {
				BuildIndependentTargetsInParallel = 1;
				LastSwiftUpdateCheck = 1340;
				LastUpgradeCheck = 1340;
				TargetAttributes = {
					3D2EDB982893BC3E002E6DCA = {
						CreatedOnToolsVersion = 13.4.1;
					};
				};
			};
			buildConfigurationList = 3D2EDB942893BC3E002E6DCA /* Build configuration list for PBXProject "SearchRepo" */;
			compatibilityVersion = "Xcode 13.0";
			developmentRegion = en;
			hasScannedForEncodings = 0;
			knownRegions = (
				en,
				Base,
			);
			mainGroup = 3D2EDB902893BC3E002E6DCA;
			packageReferences = (
				3D07A97F2893C1D1000831C7 /* XCRemoteSwiftPackageReference "RxSwift" */,
				3D07A9892893C266000831C7 /* XCRemoteSwiftPackageReference "Alamofire" */,
				3D6D0C702893C32D009BF5FC /* XCRemoteSwiftPackageReference "SnapKit" */,
			);
			productRefGroup = 3D2EDB9A2893BC3E002E6DCA /* Products */;
			projectDirPath = "";
			projectRoot = "";
			targets = (
				3D2EDB982893BC3E002E6DCA /* SearchRepo */,
			);
		};
/* End PBXProject section */

/* Begin PBXResourcesBuildPhase section */
		3D2EDB972893BC3E002E6DCA /* Resources */ = {
			isa = PBXResourcesBuildPhase;
			buildActionMask = 2147483647;
			files = (
				3D2EDBA92893BC3E002E6DCA /* LaunchScreen.storyboard in Resources */,
				3D2EDBA62893BC3E002E6DCA /* Assets.xcassets in Resources */,
			);
			runOnlyForDeploymentPostprocessing = 0;
		};
/* End PBXResourcesBuildPhase section */

/* Begin PBXSourcesBuildPhase section */
		3D2EDB952893BC3E002E6DCA /* Sources */ = {
			isa = PBXSourcesBuildPhase;
			buildActionMask = 2147483647;
			files = (
				3DF553392893E0B000F5D470 /* HistoryModel.swift in Sources */,
				3DF553322893E08600F5D470 /* RepositoriesCoordinator.swift in Sources */,
				3D6D0C802893C706009BF5FC /* SignInViewModel.swift in Sources */,
				3D6D0C842893C95E009BF5FC /* BaseCoordinator.swift in Sources */,
				3D6D0C762893C5A2009BF5FC /* AppCoordinator.swift in Sources */,
				3DF5532E2893E07700F5D470 /* RepositoriesViewModel.swift in Sources */,
				3DF5533B2893E0BA00F5D470 /* HistoryCoordinator.swift in Sources */,
				3DF553352893E0A200F5D470 /* HistoryViewController.swift in Sources */,
				3D2EDB9D2893BC3E002E6DCA /* AppDelegate.swift in Sources */,
				3DF553292893DC0000F5D470 /* TabBarCoordinator.swift in Sources */,
				3DF5533D289413BF00F5D470 /* NetworkManager.swift in Sources */,
				3DF5532C2893E06E00F5D470 /* RepositoriesViewContoroller.swift in Sources */,
				3DF553372893E0A900F5D470 /* HistoryViewModel.swift in Sources */,
				3D6D0C862893CA05009BF5FC /* SignInCoordinator.swift in Sources */,
				3D6D0C7E2893C6C1009BF5FC /* SignInViewController.swift in Sources */,
				3D6D0C822893C728009BF5FC /* SignInModel.swift in Sources */,
				3DF5533F2894156C00F5D470 /* NetworkRequestService.swift in Sources */,
				3DF553302893E07D00F5D470 /* RepositoriesModel.swift in Sources */,
			);
			runOnlyForDeploymentPostprocessing = 0;
		};
/* End PBXSourcesBuildPhase section */

/* Begin PBXVariantGroup section */
		3D2EDBA72893BC3E002E6DCA /* LaunchScreen.storyboard */ = {
			isa = PBXVariantGroup;
			children = (
				3D2EDBA82893BC3E002E6DCA /* Base */,
			);
			name = LaunchScreen.storyboard;
			sourceTree = "<group>";
		};
/* End PBXVariantGroup section */

/* Begin XCBuildConfiguration section */
		3D2EDBAB2893BC3E002E6DCA /* Debug */ = {
			isa = XCBuildConfiguration;
			buildSettings = {
				ALWAYS_SEARCH_USER_PATHS = NO;
				CLANG_ANALYZER_NONNULL = YES;
				CLANG_ANALYZER_NUMBER_OBJECT_CONVERSION = YES_AGGRESSIVE;
				CLANG_CXX_LANGUAGE_STANDARD = "gnu++17";
				CLANG_ENABLE_MODULES = YES;
				CLANG_ENABLE_OBJC_ARC = YES;
				CLANG_ENABLE_OBJC_WEAK = YES;
				CLANG_WARN_BLOCK_CAPTURE_AUTORELEASING = YES;
				CLANG_WARN_BOOL_CONVERSION = YES;
				CLANG_WARN_COMMA = YES;
				CLANG_WARN_CONSTANT_CONVERSION = YES;
				CLANG_WARN_DEPRECATED_OBJC_IMPLEMENTATIONS = YES;
				CLANG_WARN_DIRECT_OBJC_ISA_USAGE = YES_ERROR;
				CLANG_WARN_DOCUMENTATION_COMMENTS = YES;
				CLANG_WARN_EMPTY_BODY = YES;
				CLANG_WARN_ENUM_CONVERSION = YES;
				CLANG_WARN_INFINITE_RECURSION = YES;
				CLANG_WARN_INT_CONVERSION = YES;
				CLANG_WARN_NON_LITERAL_NULL_CONVERSION = YES;
				CLANG_WARN_OBJC_IMPLICIT_RETAIN_SELF = YES;
				CLANG_WARN_OBJC_LITERAL_CONVERSION = YES;
				CLANG_WARN_OBJC_ROOT_CLASS = YES_ERROR;
				CLANG_WARN_QUOTED_INCLUDE_IN_FRAMEWORK_HEADER = YES;
				CLANG_WARN_RANGE_LOOP_ANALYSIS = YES;
				CLANG_WARN_STRICT_PROTOTYPES = YES;
				CLANG_WARN_SUSPICIOUS_MOVE = YES;
				CLANG_WARN_UNGUARDED_AVAILABILITY = YES_AGGRESSIVE;
				CLANG_WARN_UNREACHABLE_CODE = YES;
				CLANG_WARN__DUPLICATE_METHOD_MATCH = YES;
				COPY_PHASE_STRIP = NO;
				DEBUG_INFORMATION_FORMAT = dwarf;
				ENABLE_STRICT_OBJC_MSGSEND = YES;
				ENABLE_TESTABILITY = YES;
				GCC_C_LANGUAGE_STANDARD = gnu11;
				GCC_DYNAMIC_NO_PIC = NO;
				GCC_NO_COMMON_BLOCKS = YES;
				GCC_OPTIMIZATION_LEVEL = 0;
				GCC_PREPROCESSOR_DEFINITIONS = (
					"DEBUG=1",
					"$(inherited)",
				);
				GCC_WARN_64_TO_32_BIT_CONVERSION = YES;
				GCC_WARN_ABOUT_RETURN_TYPE = YES_ERROR;
				GCC_WARN_UNDECLARED_SELECTOR = YES;
				GCC_WARN_UNINITIALIZED_AUTOS = YES_AGGRESSIVE;
				GCC_WARN_UNUSED_FUNCTION = YES;
				GCC_WARN_UNUSED_VARIABLE = YES;
				IPHONEOS_DEPLOYMENT_TARGET = 15.5;
				MTL_ENABLE_DEBUG_INFO = INCLUDE_SOURCE;
				MTL_FAST_MATH = YES;
				ONLY_ACTIVE_ARCH = YES;
				SDKROOT = iphoneos;
				SWIFT_ACTIVE_COMPILATION_CONDITIONS = DEBUG;
				SWIFT_OPTIMIZATION_LEVEL = "-Onone";
			};
			name = Debug;
		};
		3D2EDBAC2893BC3E002E6DCA /* Release */ = {
			isa = XCBuildConfiguration;
			buildSettings = {
				ALWAYS_SEARCH_USER_PATHS = NO;
				CLANG_ANALYZER_NONNULL = YES;
				CLANG_ANALYZER_NUMBER_OBJECT_CONVERSION = YES_AGGRESSIVE;
				CLANG_CXX_LANGUAGE_STANDARD = "gnu++17";
				CLANG_ENABLE_MODULES = YES;
				CLANG_ENABLE_OBJC_ARC = YES;
				CLANG_ENABLE_OBJC_WEAK = YES;
				CLANG_WARN_BLOCK_CAPTURE_AUTORELEASING = YES;
				CLANG_WARN_BOOL_CONVERSION = YES;
				CLANG_WARN_COMMA = YES;
				CLANG_WARN_CONSTANT_CONVERSION = YES;
				CLANG_WARN_DEPRECATED_OBJC_IMPLEMENTATIONS = YES;
				CLANG_WARN_DIRECT_OBJC_ISA_USAGE = YES_ERROR;
				CLANG_WARN_DOCUMENTATION_COMMENTS = YES;
				CLANG_WARN_EMPTY_BODY = YES;
				CLANG_WARN_ENUM_CONVERSION = YES;
				CLANG_WARN_INFINITE_RECURSION = YES;
				CLANG_WARN_INT_CONVERSION = YES;
				CLANG_WARN_NON_LITERAL_NULL_CONVERSION = YES;
				CLANG_WARN_OBJC_IMPLICIT_RETAIN_SELF = YES;
				CLANG_WARN_OBJC_LITERAL_CONVERSION = YES;
				CLANG_WARN_OBJC_ROOT_CLASS = YES_ERROR;
				CLANG_WARN_QUOTED_INCLUDE_IN_FRAMEWORK_HEADER = YES;
				CLANG_WARN_RANGE_LOOP_ANALYSIS = YES;
				CLANG_WARN_STRICT_PROTOTYPES = YES;
				CLANG_WARN_SUSPICIOUS_MOVE = YES;
				CLANG_WARN_UNGUARDED_AVAILABILITY = YES_AGGRESSIVE;
				CLANG_WARN_UNREACHABLE_CODE = YES;
				CLANG_WARN__DUPLICATE_METHOD_MATCH = YES;
				COPY_PHASE_STRIP = NO;
				DEBUG_INFORMATION_FORMAT = "dwarf-with-dsym";
				ENABLE_NS_ASSERTIONS = NO;
				ENABLE_STRICT_OBJC_MSGSEND = YES;
				GCC_C_LANGUAGE_STANDARD = gnu11;
				GCC_NO_COMMON_BLOCKS = YES;
				GCC_WARN_64_TO_32_BIT_CONVERSION = YES;
				GCC_WARN_ABOUT_RETURN_TYPE = YES_ERROR;
				GCC_WARN_UNDECLARED_SELECTOR = YES;
				GCC_WARN_UNINITIALIZED_AUTOS = YES_AGGRESSIVE;
				GCC_WARN_UNUSED_FUNCTION = YES;
				GCC_WARN_UNUSED_VARIABLE = YES;
				IPHONEOS_DEPLOYMENT_TARGET = 15.5;
				MTL_ENABLE_DEBUG_INFO = NO;
				MTL_FAST_MATH = YES;
				SDKROOT = iphoneos;
				SWIFT_COMPILATION_MODE = wholemodule;
				SWIFT_OPTIMIZATION_LEVEL = "-O";
				VALIDATE_PRODUCT = YES;
			};
			name = Release;
		};
		3D2EDBAE2893BC3E002E6DCA /* Debug */ = {
			isa = XCBuildConfiguration;
			buildSettings = {
				ASSETCATALOG_COMPILER_APPICON_NAME = AppIcon;
				ASSETCATALOG_COMPILER_GLOBAL_ACCENT_COLOR_NAME = AccentColor;
				CODE_SIGN_STYLE = Automatic;
				CURRENT_PROJECT_VERSION = 1;
				DEVELOPMENT_TEAM = 5P369B9Z7K;
				GENERATE_INFOPLIST_FILE = YES;
				INFOPLIST_FILE = SearchRepo/Resources/Info.plist;
				INFOPLIST_KEY_UIApplicationSupportsIndirectInputEvents = YES;
				INFOPLIST_KEY_UILaunchStoryboardName = LaunchScreen;
				INFOPLIST_KEY_UISupportedInterfaceOrientations = UIInterfaceOrientationPortrait;
				INFOPLIST_KEY_UISupportedInterfaceOrientations_iPad = "UIInterfaceOrientationPortrait UIInterfaceOrientationPortraitUpsideDown UIInterfaceOrientationLandscapeLeft UIInterfaceOrientationLandscapeRight";
				INFOPLIST_KEY_UISupportedInterfaceOrientations_iPhone = "UIInterfaceOrientationPortrait UIInterfaceOrientationLandscapeLeft UIInterfaceOrientationLandscapeRight";
				LD_RUNPATH_SEARCH_PATHS = (
					"$(inherited)",
					"@executable_path/Frameworks",
				);
				MARKETING_VERSION = 1.0;
				PRODUCT_BUNDLE_IDENTIFIER = com.nugumanov.SearchRepo;
				PRODUCT_NAME = "$(TARGET_NAME)";
				SWIFT_EMIT_LOC_STRINGS = YES;
				SWIFT_VERSION = 5.0;
				TARGETED_DEVICE_FAMILY = "1,2";
			};
			name = Debug;
		};
		3D2EDBAF2893BC3E002E6DCA /* Release */ = {
			isa = XCBuildConfiguration;
			buildSettings = {
				ASSETCATALOG_COMPILER_APPICON_NAME = AppIcon;
				ASSETCATALOG_COMPILER_GLOBAL_ACCENT_COLOR_NAME = AccentColor;
				CODE_SIGN_STYLE = Automatic;
				CURRENT_PROJECT_VERSION = 1;
				DEVELOPMENT_TEAM = 5P369B9Z7K;
				GENERATE_INFOPLIST_FILE = YES;
				INFOPLIST_FILE = SearchRepo/Resources/Info.plist;
				INFOPLIST_KEY_UIApplicationSupportsIndirectInputEvents = YES;
				INFOPLIST_KEY_UILaunchStoryboardName = LaunchScreen;
				INFOPLIST_KEY_UISupportedInterfaceOrientations = UIInterfaceOrientationPortrait;
				INFOPLIST_KEY_UISupportedInterfaceOrientations_iPad = "UIInterfaceOrientationPortrait UIInterfaceOrientationPortraitUpsideDown UIInterfaceOrientationLandscapeLeft UIInterfaceOrientationLandscapeRight";
				INFOPLIST_KEY_UISupportedInterfaceOrientations_iPhone = "UIInterfaceOrientationPortrait UIInterfaceOrientationLandscapeLeft UIInterfaceOrientationLandscapeRight";
				LD_RUNPATH_SEARCH_PATHS = (
					"$(inherited)",
					"@executable_path/Frameworks",
				);
				MARKETING_VERSION = 1.0;
				PRODUCT_BUNDLE_IDENTIFIER = com.nugumanov.SearchRepo;
				PRODUCT_NAME = "$(TARGET_NAME)";
				SWIFT_EMIT_LOC_STRINGS = YES;
				SWIFT_VERSION = 5.0;
				TARGETED_DEVICE_FAMILY = "1,2";
			};
			name = Release;
		};
/* End XCBuildConfiguration section */

/* Begin XCConfigurationList section */
		3D2EDB942893BC3E002E6DCA /* Build configuration list for PBXProject "SearchRepo" */ = {
			isa = XCConfigurationList;
			buildConfigurations = (
				3D2EDBAB2893BC3E002E6DCA /* Debug */,
				3D2EDBAC2893BC3E002E6DCA /* Release */,
			);
			defaultConfigurationIsVisible = 0;
			defaultConfigurationName = Release;
		};
		3D2EDBAD2893BC3E002E6DCA /* Build configuration list for PBXNativeTarget "SearchRepo" */ = {
			isa = XCConfigurationList;
			buildConfigurations = (
				3D2EDBAE2893BC3E002E6DCA /* Debug */,
				3D2EDBAF2893BC3E002E6DCA /* Release */,
			);
			defaultConfigurationIsVisible = 0;
			defaultConfigurationName = Release;
		};
/* End XCConfigurationList section */

/* Begin XCRemoteSwiftPackageReference section */
		3D07A97F2893C1D1000831C7 /* XCRemoteSwiftPackageReference "RxSwift" */ = {
			isa = XCRemoteSwiftPackageReference;
			repositoryURL = "https://github.com/ReactiveX/RxSwift.git";
			requirement = {
				branch = main;
				kind = branch;
			};
		};
		3D07A9892893C266000831C7 /* XCRemoteSwiftPackageReference "Alamofire" */ = {
			isa = XCRemoteSwiftPackageReference;
			repositoryURL = "https://github.com/Alamofire/Alamofire.git";
			requirement = {
				kind = upToNextMajorVersion;
				minimumVersion = 5.0.0;
			};
		};
		3D6D0C702893C32D009BF5FC /* XCRemoteSwiftPackageReference "SnapKit" */ = {
			isa = XCRemoteSwiftPackageReference;
			repositoryURL = "https://github.com/SnapKit/SnapKit.git";
			requirement = {
				kind = upToNextMajorVersion;
				minimumVersion = 5.0.1;
			};
		};
/* End XCRemoteSwiftPackageReference section */

/* Begin XCSwiftPackageProductDependency section */
		3D07A9802893C1D1000831C7 /* RxCocoa */ = {
			isa = XCSwiftPackageProductDependency;
			package = 3D07A97F2893C1D1000831C7 /* XCRemoteSwiftPackageReference "RxSwift" */;
			productName = RxCocoa;
		};
		3D07A9822893C1D1000831C7 /* RxRelay */ = {
			isa = XCSwiftPackageProductDependency;
			package = 3D07A97F2893C1D1000831C7 /* XCRemoteSwiftPackageReference "RxSwift" */;
			productName = RxRelay;
		};
		3D07A9842893C1D1000831C7 /* RxSwift */ = {
			isa = XCSwiftPackageProductDependency;
			package = 3D07A97F2893C1D1000831C7 /* XCRemoteSwiftPackageReference "RxSwift" */;
			productName = RxSwift;
		};
		3D07A98A2893C266000831C7 /* Alamofire */ = {
			isa = XCSwiftPackageProductDependency;
			package = 3D07A9892893C266000831C7 /* XCRemoteSwiftPackageReference "Alamofire" */;
			productName = Alamofire;
		};
		3D6D0C712893C32D009BF5FC /* SnapKit */ = {
			isa = XCSwiftPackageProductDependency;
			package = 3D6D0C702893C32D009BF5FC /* XCRemoteSwiftPackageReference "SnapKit" */;
			productName = SnapKit;
		};
/* End XCSwiftPackageProductDependency section */
	};
	rootObject = 3D2EDB912893BC3E002E6DCA /* Project object */;
}
